
Microsoft Visual Studio Solution File, Format Version 12.00
# Visual Studio 14
VisualStudioVersion = 14.0.25420.1
MinimumVisualStudioVersion = 10.0.40219.1
Project("{FAE04EC0-301F-11D3-BF4B-00C04F79EFBC}") = "Example", "Example\Example\Example.csproj", "{3AD21118-0806-481B-8C34-70EF2FE361AA}"
EndProject
Project("{FAE04EC0-301F-11D3-BF4B-00C04F79EFBC}") = "Example.Droid", "Example\Example.Droid\Example.Droid.csproj", "{9769B750-F158-4830-8C10-131585B796E8}"
EndProject
Project("{FAE04EC0-301F-11D3-BF4B-00C04F79EFBC}") = "Example.iOS", "Example\Example.iOS\Example.iOS.csproj", "{F6658390-03CF-4C01-A708-B662215E5729}"
EndProject
Project("{FAE04EC0-301F-11D3-BF4B-00C04F79EFBC}") = "Example.WinPhone", "Example\Example.WinPhone\Example.WinPhone.csproj", "{F39AD1C4-1E84-4DF5-A832-C756F49912B1}"
EndProject
Project("{FAE04EC0-301F-11D3-BF4B-00C04F79EFBC}") = "Example.UWP", "Example\Example.UWP\Example.UWP.csproj", "{4FD4CE1D-7FF8-4238-BFA3-BF476AE270AC}"
EndProject
Project("{FAE04EC0-301F-11D3-BF4B-00C04F79EFBC}") = "Example.Windows", "Example\Example.Windows\Example.Windows.csproj", "{E36ED9A1-C6F7-48BC-9F82-943364FA0187}"
EndProject
Global
	GlobalSection(SolutionConfigurationPlatforms) = preSolution
		Ad-Hoc|Any CPU = Ad-Hoc|Any CPU
		Ad-Hoc|ARM = Ad-Hoc|ARM
		Ad-Hoc|iPhone = Ad-Hoc|iPhone
		Ad-Hoc|iPhoneSimulator = Ad-Hoc|iPhoneSimulator
		Ad-Hoc|x64 = Ad-Hoc|x64
		Ad-Hoc|x86 = Ad-Hoc|x86
		AppStore|Any CPU = AppStore|Any CPU
		AppStore|ARM = AppStore|ARM
		AppStore|iPhone = AppStore|iPhone
		AppStore|iPhoneSimulator = AppStore|iPhoneSimulator
		AppStore|x64 = AppStore|x64
		AppStore|x86 = AppStore|x86
		Debug|Any CPU = Debug|Any CPU
		Debug|ARM = Debug|ARM
		Debug|iPhone = Debug|iPhone
		Debug|iPhoneSimulator = Debug|iPhoneSimulator
		Debug|x64 = Debug|x64
		Debug|x86 = Debug|x86
		Release|Any CPU = Release|Any CPU
		Release|ARM = Release|ARM
		Release|iPhone = Release|iPhone
		Release|iPhoneSimulator = Release|iPhoneSimulator
		Release|x64 = Release|x64
		Release|x86 = Release|x86
	EndGlobalSection
	GlobalSection(ProjectConfigurationPlatforms) = postSolution
		{3AD21118-0806-481B-8C34-70EF2FE361AA}.Ad-Hoc|Any CPU.ActiveCfg = Release|Any CPU
		{3AD21118-0806-481B-8C34-70EF2FE361AA}.Ad-Hoc|Any CPU.Build.0 = Release|Any CPU
		{3AD21118-0806-481B-8C34-70EF2FE361AA}.Ad-Hoc|ARM.ActiveCfg = Release|Any CPU
		{3AD21118-0806-481B-8C34-70EF2FE361AA}.Ad-Hoc|ARM.Build.0 = Release|Any CPU
		{3AD21118-0806-481B-8C34-70EF2FE361AA}.Ad-Hoc|iPhone.ActiveCfg = Release|Any CPU
		{3AD21118-0806-481B-8C34-70EF2FE361AA}.Ad-Hoc|iPhone.Build.0 = Release|Any CPU
		{3AD21118-0806-481B-8C34-70EF2FE361AA}.Ad-Hoc|iPhoneSimulator.ActiveCfg = Release|Any CPU
		{3AD21118-0806-481B-8C34-70EF2FE361AA}.Ad-Hoc|iPhoneSimulator.Build.0 = Release|Any CPU
		{3AD21118-0806-481B-8C34-70EF2FE361AA}.Ad-Hoc|x64.ActiveCfg = Release|Any CPU
		{3AD21118-0806-481B-8C34-70EF2FE361AA}.Ad-Hoc|x64.Build.0 = Release|Any CPU
		{3AD21118-0806-481B-8C34-70EF2FE361AA}.Ad-Hoc|x86.ActiveCfg = Release|Any CPU
		{3AD21118-0806-481B-8C34-70EF2FE361AA}.Ad-Hoc|x86.Build.0 = Release|Any CPU
		{3AD21118-0806-481B-8C34-70EF2FE361AA}.AppStore|Any CPU.ActiveCfg = Release|Any CPU
		{3AD21118-0806-481B-8C34-70EF2FE361AA}.AppStore|Any CPU.Build.0 = Release|Any CPU
		{3AD21118-0806-481B-8C34-70EF2FE361AA}.AppStore|ARM.ActiveCfg = Release|Any CPU
		{3AD21118-0806-481B-8C34-70EF2FE361AA}.AppStore|ARM.Build.0 = Release|Any CPU
		{3AD21118-0806-481B-8C34-70EF2FE361AA}.AppStore|iPhone.ActiveCfg = Release|Any CPU
		{3AD21118-0806-481B-8C34-70EF2FE361AA}.AppStore|iPhone.Build.0 = Release|Any CPU
		{3AD21118-0806-481B-8C34-70EF2FE361AA}.AppStore|iPhoneSimulator.ActiveCfg = Release|Any CPU
		{3AD21118-0806-481B-8C34-70EF2FE361AA}.AppStore|iPhoneSimulator.Build.0 = Release|Any CPU
		{3AD21118-0806-481B-8C34-70EF2FE361AA}.AppStore|x64.ActiveCfg = Release|Any CPU
		{3AD21118-0806-481B-8C34-70EF2FE361AA}.AppStore|x64.Build.0 = Release|Any CPU
		{3AD21118-0806-481B-8C34-70EF2FE361AA}.AppStore|x86.ActiveCfg = Release|Any CPU
		{3AD21118-0806-481B-8C34-70EF2FE361AA}.AppStore|x86.Build.0 = Release|Any CPU
		{3AD21118-0806-481B-8C34-70EF2FE361AA}.Debug|Any CPU.ActiveCfg = Debug|Any CPU
		{3AD21118-0806-481B-8C34-70EF2FE361AA}.Debug|Any CPU.Build.0 = Debug|Any CPU
		{3AD21118-0806-481B-8C34-70EF2FE361AA}.Debug|ARM.ActiveCfg = Debug|Any CPU
		{3AD21118-0806-481B-8C34-70EF2FE361AA}.Debug|ARM.Build.0 = Debug|Any CPU
		{3AD21118-0806-481B-8C34-70EF2FE361AA}.Debug|iPhone.ActiveCfg = Debug|Any CPU
		{3AD21118-0806-481B-8C34-70EF2FE361AA}.Debug|iPhone.Build.0 = Debug|Any CPU
		{3AD21118-0806-481B-8C34-70EF2FE361AA}.Debug|iPhoneSimulator.ActiveCfg = Debug|Any CPU
		{3AD21118-0806-481B-8C34-70EF2FE361AA}.Debug|iPhoneSimulator.Build.0 = Debug|Any CPU
		{3AD21118-0806-481B-8C34-70EF2FE361AA}.Debug|x64.ActiveCfg = Debug|Any CPU
		{3AD21118-0806-481B-8C34-70EF2FE361AA}.Debug|x64.Build.0 = Debug|Any CPU
		{3AD21118-0806-481B-8C34-70EF2FE361AA}.Debug|x86.ActiveCfg = Debug|Any CPU
		{3AD21118-0806-481B-8C34-70EF2FE361AA}.Debug|x86.Build.0 = Debug|Any CPU
		{3AD21118-0806-481B-8C34-70EF2FE361AA}.Release|Any CPU.ActiveCfg = Release|Any CPU
		{3AD21118-0806-481B-8C34-70EF2FE361AA}.Release|Any CPU.Build.0 = Release|Any CPU
		{3AD21118-0806-481B-8C34-70EF2FE361AA}.Release|ARM.ActiveCfg = Release|Any CPU
		{3AD21118-0806-481B-8C34-70EF2FE361AA}.Release|ARM.Build.0 = Release|Any CPU
		{3AD21118-0806-481B-8C34-70EF2FE361AA}.Release|iPhone.ActiveCfg = Release|Any CPU
		{3AD21118-0806-481B-8C34-70EF2FE361AA}.Release|iPhone.Build.0 = Release|Any CPU
		{3AD21118-0806-481B-8C34-70EF2FE361AA}.Release|iPhoneSimulator.ActiveCfg = Release|Any CPU
		{3AD21118-0806-481B-8C34-70EF2FE361AA}.Release|iPhoneSimulator.Build.0 = Release|Any CPU
		{3AD21118-0806-481B-8C34-70EF2FE361AA}.Release|x64.ActiveCfg = Release|Any CPU
		{3AD21118-0806-481B-8C34-70EF2FE361AA}.Release|x64.Build.0 = Release|Any CPU
		{3AD21118-0806-481B-8C34-70EF2FE361AA}.Release|x86.ActiveCfg = Release|Any CPU
		{3AD21118-0806-481B-8C34-70EF2FE361AA}.Release|x86.Build.0 = Release|Any CPU
		{9769B750-F158-4830-8C10-131585B796E8}.Ad-Hoc|Any CPU.ActiveCfg = Release|Any CPU
		{9769B750-F158-4830-8C10-131585B796E8}.Ad-Hoc|Any CPU.Build.0 = Release|Any CPU
		{9769B750-F158-4830-8C10-131585B796E8}.Ad-Hoc|Any CPU.Deploy.0 = Release|Any CPU
		{9769B750-F158-4830-8C10-131585B796E8}.Ad-Hoc|ARM.ActiveCfg = Release|Any CPU
		{9769B750-F158-4830-8C10-131585B796E8}.Ad-Hoc|ARM.Build.0 = Release|Any CPU
		{9769B750-F158-4830-8C10-131585B796E8}.Ad-Hoc|ARM.Deploy.0 = Release|Any CPU
		{9769B750-F158-4830-8C10-131585B796E8}.Ad-Hoc|iPhone.ActiveCfg = Release|Any CPU
		{9769B750-F158-4830-8C10-131585B796E8}.Ad-Hoc|iPhone.Build.0 = Release|Any CPU
		{9769B750-F158-4830-8C10-131585B796E8}.Ad-Hoc|iPhone.Deploy.0 = Release|Any CPU
		{9769B750-F158-4830-8C10-131585B796E8}.Ad-Hoc|iPhoneSimulator.ActiveCfg = Release|Any CPU
		{9769B750-F158-4830-8C10-131585B796E8}.Ad-Hoc|iPhoneSimulator.Build.0 = Release|Any CPU
		{9769B750-F158-4830-8C10-131585B796E8}.Ad-Hoc|iPhoneSimulator.Deploy.0 = Release|Any CPU
		{9769B750-F158-4830-8C10-131585B796E8}.Ad-Hoc|x64.ActiveCfg = Release|Any CPU
		{9769B750-F158-4830-8C10-131585B796E8}.Ad-Hoc|x64.Build.0 = Release|Any CPU
		{9769B750-F158-4830-8C10-131585B796E8}.Ad-Hoc|x64.Deploy.0 = Release|Any CPU
		{9769B750-F158-4830-8C10-131585B796E8}.Ad-Hoc|x86.ActiveCfg = Release|Any CPU
		{9769B750-F158-4830-8C10-131585B796E8}.Ad-Hoc|x86.Build.0 = Release|Any CPU
		{9769B750-F158-4830-8C10-131585B796E8}.Ad-Hoc|x86.Deploy.0 = Release|Any CPU
		{9769B750-F158-4830-8C10-131585B796E8}.AppStore|Any CPU.ActiveCfg = Release|Any CPU
		{9769B750-F158-4830-8C10-131585B796E8}.AppStore|Any CPU.Build.0 = Release|Any CPU
		{9769B750-F158-4830-8C10-131585B796E8}.AppStore|Any CPU.Deploy.0 = Release|Any CPU
		{9769B750-F158-4830-8C10-131585B796E8}.AppStore|ARM.ActiveCfg = Release|Any CPU
		{9769B750-F158-4830-8C10-131585B796E8}.AppStore|ARM.Build.0 = Release|Any CPU
		{9769B750-F158-4830-8C10-131585B796E8}.AppStore|ARM.Deploy.0 = Release|Any CPU
		{9769B750-F158-4830-8C10-131585B796E8}.AppStore|iPhone.ActiveCfg = Release|Any CPU
		{9769B750-F158-4830-8C10-131585B796E8}.AppStore|iPhone.Build.0 = Release|Any CPU
		{9769B750-F158-4830-8C10-131585B796E8}.AppStore|iPhone.Deploy.0 = Release|Any CPU
		{9769B750-F158-4830-8C10-131585B796E8}.AppStore|iPhoneSimulator.ActiveCfg = Release|Any CPU
		{9769B750-F158-4830-8C10-131585B796E8}.AppStore|iPhoneSimulator.Build.0 = Release|Any CPU
		{9769B750-F158-4830-8C10-131585B796E8}.AppStore|iPhoneSimulator.Deploy.0 = Release|Any CPU
		{9769B750-F158-4830-8C10-131585B796E8}.AppStore|x64.ActiveCfg = Release|Any CPU
		{9769B750-F158-4830-8C10-131585B796E8}.AppStore|x64.Build.0 = Release|Any CPU
		{9769B750-F158-4830-8C10-131585B796E8}.AppStore|x64.Deploy.0 = Release|Any CPU
		{9769B750-F158-4830-8C10-131585B796E8}.AppStore|x86.ActiveCfg = Release|Any CPU
		{9769B750-F158-4830-8C10-131585B796E8}.AppStore|x86.Build.0 = Release|Any CPU
		{9769B750-F158-4830-8C10-131585B796E8}.AppStore|x86.Deploy.0 = Release|Any CPU
		{9769B750-F158-4830-8C10-131585B796E8}.Debug|Any CPU.ActiveCfg = Debug|Any CPU
		{9769B750-F158-4830-8C10-131585B796E8}.Debug|Any CPU.Build.0 = Debug|Any CPU
		{9769B750-F158-4830-8C10-131585B796E8}.Debug|Any CPU.Deploy.0 = Debug|Any CPU
		{9769B750-F158-4830-8C10-131585B796E8}.Debug|ARM.ActiveCfg = Debug|Any CPU
		{9769B750-F158-4830-8C10-131585B796E8}.Debug|ARM.Build.0 = Debug|Any CPU
		{9769B750-F158-4830-8C10-131585B796E8}.Debug|ARM.Deploy.0 = Debug|Any CPU
		{9769B750-F158-4830-8C10-131585B796E8}.Debug|iPhone.ActiveCfg = Debug|Any CPU
		{9769B750-F158-4830-8C10-131585B796E8}.Debug|iPhone.Build.0 = Debug|Any CPU
		{9769B750-F158-4830-8C10-131585B796E8}.Debug|iPhone.Deploy.0 = Debug|Any CPU
		{9769B750-F158-4830-8C10-131585B796E8}.Debug|iPhoneSimulator.ActiveCfg = Debug|Any CPU
		{9769B750-F158-4830-8C10-131585B796E8}.Debug|iPhoneSimulator.Build.0 = Debug|Any CPU
		{9769B750-F158-4830-8C10-131585B796E8}.Debug|iPhoneSimulator.Deploy.0 = Debug|Any CPU
		{9769B750-F158-4830-8C10-131585B796E8}.Debug|x64.ActiveCfg = Debug|Any CPU
		{9769B750-F158-4830-8C10-131585B796E8}.Debug|x64.Build.0 = Debug|Any CPU
		{9769B750-F158-4830-8C10-131585B796E8}.Debug|x64.Deploy.0 = Debug|Any CPU
		{9769B750-F158-4830-8C10-131585B796E8}.Debug|x86.ActiveCfg = Debug|Any CPU
		{9769B750-F158-4830-8C10-131585B796E8}.Debug|x86.Build.0 = Debug|Any CPU
		{9769B750-F158-4830-8C10-131585B796E8}.Debug|x86.Deploy.0 = Debug|Any CPU
		{9769B750-F158-4830-8C10-131585B796E8}.Release|Any CPU.ActiveCfg = Release|Any CPU
		{9769B750-F158-4830-8C10-131585B796E8}.Release|Any CPU.Build.0 = Release|Any CPU
		{9769B750-F158-4830-8C10-131585B796E8}.Release|Any CPU.Deploy.0 = Release|Any CPU
		{9769B750-F158-4830-8C10-131585B796E8}.Release|ARM.ActiveCfg = Release|Any CPU
		{9769B750-F158-4830-8C10-131585B796E8}.Release|ARM.Build.0 = Release|Any CPU
		{9769B750-F158-4830-8C10-131585B796E8}.Release|ARM.Deploy.0 = Release|Any CPU
		{9769B750-F158-4830-8C10-131585B796E8}.Release|iPhone.ActiveCfg = Release|Any CPU
		{9769B750-F158-4830-8C10-131585B796E8}.Release|iPhone.Build.0 = Release|Any CPU
		{9769B750-F158-4830-8C10-131585B796E8}.Release|iPhone.Deploy.0 = Release|Any CPU
		{9769B750-F158-4830-8C10-131585B796E8}.Release|iPhoneSimulator.ActiveCfg = Release|Any CPU
		{9769B750-F158-4830-8C10-131585B796E8}.Release|iPhoneSimulator.Build.0 = Release|Any CPU
		{9769B750-F158-4830-8C10-131585B796E8}.Release|iPhoneSimulator.Deploy.0 = Release|Any CPU
		{9769B750-F158-4830-8C10-131585B796E8}.Release|x64.ActiveCfg = Release|Any CPU
		{9769B750-F158-4830-8C10-131585B796E8}.Release|x64.Build.0 = Release|Any CPU
		{9769B750-F158-4830-8C10-131585B796E8}.Release|x64.Deploy.0 = Release|Any CPU
		{9769B750-F158-4830-8C10-131585B796E8}.Release|x86.ActiveCfg = Release|Any CPU
		{9769B750-F158-4830-8C10-131585B796E8}.Release|x86.Build.0 = Release|Any CPU
		{9769B750-F158-4830-8C10-131585B796E8}.Release|x86.Deploy.0 = Release|Any CPU
		{F6658390-03CF-4C01-A708-B662215E5729}.Ad-Hoc|Any CPU.ActiveCfg = Ad-Hoc|iPhone
		{F6658390-03CF-4C01-A708-B662215E5729}.Ad-Hoc|ARM.ActiveCfg = Ad-Hoc|iPhone
		{F6658390-03CF-4C01-A708-B662215E5729}.Ad-Hoc|iPhone.ActiveCfg = Ad-Hoc|iPhone
		{F6658390-03CF-4C01-A708-B662215E5729}.Ad-Hoc|iPhone.Build.0 = Ad-Hoc|iPhone
		{F6658390-03CF-4C01-A708-B662215E5729}.Ad-Hoc|iPhoneSimulator.ActiveCfg = Ad-Hoc|iPhoneSimulator
		{F6658390-03CF-4C01-A708-B662215E5729}.Ad-Hoc|iPhoneSimulator.Build.0 = Ad-Hoc|iPhoneSimulator
		{F6658390-03CF-4C01-A708-B662215E5729}.Ad-Hoc|x64.ActiveCfg = Ad-Hoc|iPhone
		{F6658390-03CF-4C01-A708-B662215E5729}.Ad-Hoc|x86.ActiveCfg = Ad-Hoc|iPhone
		{F6658390-03CF-4C01-A708-B662215E5729}.AppStore|Any CPU.ActiveCfg = AppStore|iPhone
		{F6658390-03CF-4C01-A708-B662215E5729}.AppStore|ARM.ActiveCfg = AppStore|iPhone
		{F6658390-03CF-4C01-A708-B662215E5729}.AppStore|iPhone.ActiveCfg = AppStore|iPhone
		{F6658390-03CF-4C01-A708-B662215E5729}.AppStore|iPhone.Build.0 = AppStore|iPhone
		{F6658390-03CF-4C01-A708-B662215E5729}.AppStore|iPhoneSimulator.ActiveCfg = AppStore|iPhoneSimulator
		{F6658390-03CF-4C01-A708-B662215E5729}.AppStore|iPhoneSimulator.Build.0 = AppStore|iPhoneSimulator
		{F6658390-03CF-4C01-A708-B662215E5729}.AppStore|x64.ActiveCfg = AppStore|iPhone
		{F6658390-03CF-4C01-A708-B662215E5729}.AppStore|x86.ActiveCfg = AppStore|iPhone
		{F6658390-03CF-4C01-A708-B662215E5729}.Debug|Any CPU.ActiveCfg = Debug|iPhone
		{F6658390-03CF-4C01-A708-B662215E5729}.Debug|ARM.ActiveCfg = Debug|iPhone
		{F6658390-03CF-4C01-A708-B662215E5729}.Debug|iPhone.ActiveCfg = Debug|iPhone
		{F6658390-03CF-4C01-A708-B662215E5729}.Debug|iPhone.Build.0 = Debug|iPhone
		{F6658390-03CF-4C01-A708-B662215E5729}.Debug|iPhoneSimulator.ActiveCfg = Debug|iPhoneSimulator
		{F6658390-03CF-4C01-A708-B662215E5729}.Debug|iPhoneSimulator.Build.0 = Debug|iPhoneSimulator
		{F6658390-03CF-4C01-A708-B662215E5729}.Debug|x64.ActiveCfg = Debug|iPhone
		{F6658390-03CF-4C01-A708-B662215E5729}.Debug|x86.ActiveCfg = Debug|iPhone
		{F6658390-03CF-4C01-A708-B662215E5729}.Release|Any CPU.ActiveCfg = Release|iPhone
		{F6658390-03CF-4C01-A708-B662215E5729}.Release|ARM.ActiveCfg = Release|iPhone
		{F6658390-03CF-4C01-A708-B662215E5729}.Release|iPhone.ActiveCfg = Release|iPhone
		{F6658390-03CF-4C01-A708-B662215E5729}.Release|iPhone.Build.0 = Release|iPhone
		{F6658390-03CF-4C01-A708-B662215E5729}.Release|iPhoneSimulator.ActiveCfg = Release|iPhoneSimulator
		{F6658390-03CF-4C01-A708-B662215E5729}.Release|iPhoneSimulator.Build.0 = Release|iPhoneSimulator
		{F6658390-03CF-4C01-A708-B662215E5729}.Release|x64.ActiveCfg = Release|iPhone
		{F6658390-03CF-4C01-A708-B662215E5729}.Release|x86.ActiveCfg = Release|iPhone
		{F39AD1C4-1E84-4DF5-A832-C756F49912B1}.Ad-Hoc|Any CPU.ActiveCfg = Release|Any CPU
		{F39AD1C4-1E84-4DF5-A832-C756F49912B1}.Ad-Hoc|Any CPU.Build.0 = Release|Any CPU
		{F39AD1C4-1E84-4DF5-A832-C756F49912B1}.Ad-Hoc|Any CPU.Deploy.0 = Release|Any CPU
		{F39AD1C4-1E84-4DF5-A832-C756F49912B1}.Ad-Hoc|ARM.ActiveCfg = Release|ARM
		{F39AD1C4-1E84-4DF5-A832-C756F49912B1}.Ad-Hoc|ARM.Build.0 = Release|ARM
		{F39AD1C4-1E84-4DF5-A832-C756F49912B1}.Ad-Hoc|ARM.Deploy.0 = Release|ARM
		{F39AD1C4-1E84-4DF5-A832-C756F49912B1}.Ad-Hoc|iPhone.ActiveCfg = Release|Any CPU
		{F39AD1C4-1E84-4DF5-A832-C756F49912B1}.Ad-Hoc|iPhone.Build.0 = Release|Any CPU
		{F39AD1C4-1E84-4DF5-A832-C756F49912B1}.Ad-Hoc|iPhone.Deploy.0 = Release|Any CPU
		{F39AD1C4-1E84-4DF5-A832-C756F49912B1}.Ad-Hoc|iPhoneSimulator.ActiveCfg = Release|Any CPU
		{F39AD1C4-1E84-4DF5-A832-C756F49912B1}.Ad-Hoc|iPhoneSimulator.Build.0 = Release|Any CPU
		{F39AD1C4-1E84-4DF5-A832-C756F49912B1}.Ad-Hoc|iPhoneSimulator.Deploy.0 = Release|Any CPU
		{F39AD1C4-1E84-4DF5-A832-C756F49912B1}.Ad-Hoc|x64.ActiveCfg = Release|Any CPU
		{F39AD1C4-1E84-4DF5-A832-C756F49912B1}.Ad-Hoc|x64.Build.0 = Release|Any CPU
		{F39AD1C4-1E84-4DF5-A832-C756F49912B1}.Ad-Hoc|x64.Deploy.0 = Release|Any CPU
		{F39AD1C4-1E84-4DF5-A832-C756F49912B1}.Ad-Hoc|x86.ActiveCfg = Release|x86
		{F39AD1C4-1E84-4DF5-A832-C756F49912B1}.Ad-Hoc|x86.Build.0 = Release|x86
		{F39AD1C4-1E84-4DF5-A832-C756F49912B1}.Ad-Hoc|x86.Deploy.0 = Release|x86
		{F39AD1C4-1E84-4DF5-A832-C756F49912B1}.AppStore|Any CPU.ActiveCfg = Release|Any CPU
		{F39AD1C4-1E84-4DF5-A832-C756F49912B1}.AppStore|Any CPU.Build.0 = Release|Any CPU
		{F39AD1C4-1E84-4DF5-A832-C756F49912B1}.AppStore|Any CPU.Deploy.0 = Release|Any CPU
		{F39AD1C4-1E84-4DF5-A832-C756F49912B1}.AppStore|ARM.ActiveCfg = Release|ARM
		{F39AD1C4-1E84-4DF5-A832-C756F49912B1}.AppStore|ARM.Build.0 = Release|ARM
		{F39AD1C4-1E84-4DF5-A832-C756F49912B1}.AppStore|ARM.Deploy.0 = Release|ARM
		{F39AD1C4-1E84-4DF5-A832-C756F49912B1}.AppStore|iPhone.ActiveCfg = Release|Any CPU
		{F39AD1C4-1E84-4DF5-A832-C756F49912B1}.AppStore|iPhone.Build.0 = Release|Any CPU
		{F39AD1C4-1E84-4DF5-A832-C756F49912B1}.AppStore|iPhone.Deploy.0 = Release|Any CPU
		{F39AD1C4-1E84-4DF5-A832-C756F49912B1}.AppStore|iPhoneSimulator.ActiveCfg = Release|Any CPU
		{F39AD1C4-1E84-4DF5-A832-C756F49912B1}.AppStore|iPhoneSimulator.Build.0 = Release|Any CPU
		{F39AD1C4-1E84-4DF5-A832-C756F49912B1}.AppStore|iPhoneSimulator.Deploy.0 = Release|Any CPU
		{F39AD1C4-1E84-4DF5-A832-C756F49912B1}.AppStore|x64.ActiveCfg = Release|Any CPU
		{F39AD1C4-1E84-4DF5-A832-C756F49912B1}.AppStore|x64.Build.0 = Release|Any CPU
		{F39AD1C4-1E84-4DF5-A832-C756F49912B1}.AppStore|x64.Deploy.0 = Release|Any CPU
		{F39AD1C4-1E84-4DF5-A832-C756F49912B1}.AppStore|x86.ActiveCfg = Release|x86
		{F39AD1C4-1E84-4DF5-A832-C756F49912B1}.AppStore|x86.Build.0 = Release|x86
		{F39AD1C4-1E84-4DF5-A832-C756F49912B1}.AppStore|x86.Deploy.0 = Release|x86
		{F39AD1C4-1E84-4DF5-A832-C756F49912B1}.Debug|Any CPU.ActiveCfg = Debug|Any CPU
		{F39AD1C4-1E84-4DF5-A832-C756F49912B1}.Debug|ARM.ActiveCfg = Debug|ARM
		{F39AD1C4-1E84-4DF5-A832-C756F49912B1}.Debug|ARM.Build.0 = Debug|ARM
		{F39AD1C4-1E84-4DF5-A832-C756F49912B1}.Debug|ARM.Deploy.0 = Debug|ARM
		{F39AD1C4-1E84-4DF5-A832-C756F49912B1}.Debug|iPhone.ActiveCfg = Debug|Any CPU
		{F39AD1C4-1E84-4DF5-A832-C756F49912B1}.Debug|iPhone.Build.0 = Debug|Any CPU
		{F39AD1C4-1E84-4DF5-A832-C756F49912B1}.Debug|iPhone.Deploy.0 = Debug|Any CPU
		{F39AD1C4-1E84-4DF5-A832-C756F49912B1}.Debug|iPhoneSimulator.ActiveCfg = Debug|Any CPU
		{F39AD1C4-1E84-4DF5-A832-C756F49912B1}.Debug|iPhoneSimulator.Build.0 = Debug|Any CPU
		{F39AD1C4-1E84-4DF5-A832-C756F49912B1}.Debug|iPhoneSimulator.Deploy.0 = Debug|Any CPU
		{F39AD1C4-1E84-4DF5-A832-C756F49912B1}.Debug|x64.ActiveCfg = Debug|Any CPU
		{F39AD1C4-1E84-4DF5-A832-C756F49912B1}.Debug|x64.Build.0 = Debug|Any CPU
		{F39AD1C4-1E84-4DF5-A832-C756F49912B1}.Debug|x64.Deploy.0 = Debug|Any CPU
		{F39AD1C4-1E84-4DF5-A832-C756F49912B1}.Debug|x86.ActiveCfg = Debug|x86
		{F39AD1C4-1E84-4DF5-A832-C756F49912B1}.Debug|x86.Build.0 = Debug|x86
		{F39AD1C4-1E84-4DF5-A832-C756F49912B1}.Debug|x86.Deploy.0 = Debug|x86
		{F39AD1C4-1E84-4DF5-A832-C756F49912B1}.Release|Any CPU.ActiveCfg = Release|Any CPU
		{F39AD1C4-1E84-4DF5-A832-C756F49912B1}.Release|Any CPU.Build.0 = Release|Any CPU
		{F39AD1C4-1E84-4DF5-A832-C756F49912B1}.Release|Any CPU.Deploy.0 = Release|Any CPU
		{F39AD1C4-1E84-4DF5-A832-C756F49912B1}.Release|ARM.ActiveCfg = Release|ARM
		{F39AD1C4-1E84-4DF5-A832-C756F49912B1}.Release|ARM.Build.0 = Release|ARM
		{F39AD1C4-1E84-4DF5-A832-C756F49912B1}.Release|ARM.Deploy.0 = Release|ARM
		{F39AD1C4-1E84-4DF5-A832-C756F49912B1}.Release|iPhone.ActiveCfg = Release|Any CPU
		{F39AD1C4-1E84-4DF5-A832-C756F49912B1}.Release|iPhone.Build.0 = Release|Any CPU
		{F39AD1C4-1E84-4DF5-A832-C756F49912B1}.Release|iPhone.Deploy.0 = Release|Any CPU
		{F39AD1C4-1E84-4DF5-A832-C756F49912B1}.Release|iPhoneSimulator.ActiveCfg = Release|Any CPU
		{F39AD1C4-1E84-4DF5-A832-C756F49912B1}.Release|iPhoneSimulator.Build.0 = Release|Any CPU
		{F39AD1C4-1E84-4DF5-A832-C756F49912B1}.Release|iPhoneSimulator.Deploy.0 = Release|Any CPU
		{F39AD1C4-1E84-4DF5-A832-C756F49912B1}.Release|x64.ActiveCfg = Release|Any CPU
		{F39AD1C4-1E84-4DF5-A832-C756F49912B1}.Release|x64.Build.0 = Release|Any CPU
		{F39AD1C4-1E84-4DF5-A832-C756F49912B1}.Release|x64.Deploy.0 = Release|Any CPU
		{F39AD1C4-1E84-4DF5-A832-C756F49912B1}.Release|x86.ActiveCfg = Release|x86
		{F39AD1C4-1E84-4DF5-A832-C756F49912B1}.Release|x86.Build.0 = Release|x86
		{F39AD1C4-1E84-4DF5-A832-C756F49912B1}.Release|x86.Deploy.0 = Release|x86
		{4FD4CE1D-7FF8-4238-BFA3-BF476AE270AC}.Ad-Hoc|Any CPU.ActiveCfg = Release|x86
		{4FD4CE1D-7FF8-4238-BFA3-BF476AE270AC}.Ad-Hoc|Any CPU.Build.0 = Release|x86
		{4FD4CE1D-7FF8-4238-BFA3-BF476AE270AC}.Ad-Hoc|Any CPU.Deploy.0 = Release|x86
		{4FD4CE1D-7FF8-4238-BFA3-BF476AE270AC}.Ad-Hoc|ARM.ActiveCfg = Release|ARM
		{4FD4CE1D-7FF8-4238-BFA3-BF476AE270AC}.Ad-Hoc|ARM.Build.0 = Release|ARM
		{4FD4CE1D-7FF8-4238-BFA3-BF476AE270AC}.Ad-Hoc|ARM.Deploy.0 = Release|ARM
		{4FD4CE1D-7FF8-4238-BFA3-BF476AE270AC}.Ad-Hoc|iPhone.ActiveCfg = Release|x86
		{4FD4CE1D-7FF8-4238-BFA3-BF476AE270AC}.Ad-Hoc|iPhone.Build.0 = Release|x86
		{4FD4CE1D-7FF8-4238-BFA3-BF476AE270AC}.Ad-Hoc|iPhone.Deploy.0 = Release|x86
		{4FD4CE1D-7FF8-4238-BFA3-BF476AE270AC}.Ad-Hoc|iPhoneSimulator.ActiveCfg = Release|x86
		{4FD4CE1D-7FF8-4238-BFA3-BF476AE270AC}.Ad-Hoc|iPhoneSimulator.Build.0 = Release|x86
		{4FD4CE1D-7FF8-4238-BFA3-BF476AE270AC}.Ad-Hoc|iPhoneSimulator.Deploy.0 = Release|x86
		{4FD4CE1D-7FF8-4238-BFA3-BF476AE270AC}.Ad-Hoc|x64.ActiveCfg = Release|x64
		{4FD4CE1D-7FF8-4238-BFA3-BF476AE270AC}.Ad-Hoc|x64.Build.0 = Release|x64
		{4FD4CE1D-7FF8-4238-BFA3-BF476AE270AC}.Ad-Hoc|x64.Deploy.0 = Release|x64
		{4FD4CE1D-7FF8-4238-BFA3-BF476AE270AC}.Ad-Hoc|x86.ActiveCfg = Release|x86
		{4FD4CE1D-7FF8-4238-BFA3-BF476AE270AC}.Ad-Hoc|x86.Build.0 = Release|x86
		{4FD4CE1D-7FF8-4238-BFA3-BF476AE270AC}.Ad-Hoc|x86.Deploy.0 = Release|x86
		{4FD4CE1D-7FF8-4238-BFA3-BF476AE270AC}.AppStore|Any CPU.ActiveCfg = Release|x86
		{4FD4CE1D-7FF8-4238-BFA3-BF476AE270AC}.AppStore|Any CPU.Build.0 = Release|x86
		{4FD4CE1D-7FF8-4238-BFA3-BF476AE270AC}.AppStore|Any CPU.Deploy.0 = Release|x86
		{4FD4CE1D-7FF8-4238-BFA3-BF476AE270AC}.AppStore|ARM.ActiveCfg = Release|ARM
		{4FD4CE1D-7FF8-4238-BFA3-BF476AE270AC}.AppStore|ARM.Build.0 = Release|ARM
		{4FD4CE1D-7FF8-4238-BFA3-BF476AE270AC}.AppStore|ARM.Deploy.0 = Release|ARM
		{4FD4CE1D-7FF8-4238-BFA3-BF476AE270AC}.AppStore|iPhone.ActiveCfg = Release|x86
		{4FD4CE1D-7FF8-4238-BFA3-BF476AE270AC}.AppStore|iPhone.Build.0 = Release|x86
		{4FD4CE1D-7FF8-4238-BFA3-BF476AE270AC}.AppStore|iPhone.Deploy.0 = Release|x86
		{4FD4CE1D-7FF8-4238-BFA3-BF476AE270AC}.AppStore|iPhoneSimulator.ActiveCfg = Release|x86
		{4FD4CE1D-7FF8-4238-BFA3-BF476AE270AC}.AppStore|iPhoneSimulator.Build.0 = Release|x86
		{4FD4CE1D-7FF8-4238-BFA3-BF476AE270AC}.AppStore|iPhoneSimulator.Deploy.0 = Release|x86
		{4FD4CE1D-7FF8-4238-BFA3-BF476AE270AC}.AppStore|x64.ActiveCfg = Release|x64
		{4FD4CE1D-7FF8-4238-BFA3-BF476AE270AC}.AppStore|x64.Build.0 = Release|x64
		{4FD4CE1D-7FF8-4238-BFA3-BF476AE270AC}.AppStore|x64.Deploy.0 = Release|x64
		{4FD4CE1D-7FF8-4238-BFA3-BF476AE270AC}.AppStore|x86.ActiveCfg = Release|x86
		{4FD4CE1D-7FF8-4238-BFA3-BF476AE270AC}.AppStore|x86.Build.0 = Release|x86
		{4FD4CE1D-7FF8-4238-BFA3-BF476AE270AC}.AppStore|x86.Deploy.0 = Release|x86
		{4FD4CE1D-7FF8-4238-BFA3-BF476AE270AC}.Debug|Any CPU.ActiveCfg = Debug|x86
		{4FD4CE1D-7FF8-4238-BFA3-BF476AE270AC}.Debug|ARM.ActiveCfg = Debug|ARM
		{4FD4CE1D-7FF8-4238-BFA3-BF476AE270AC}.Debug|ARM.Build.0 = Debug|ARM
		{4FD4CE1D-7FF8-4238-BFA3-BF476AE270AC}.Debug|ARM.Deploy.0 = Debug|ARM
		{4FD4CE1D-7FF8-4238-BFA3-BF476AE270AC}.Debug|iPhone.ActiveCfg = Debug|x86
		{4FD4CE1D-7FF8-4238-BFA3-BF476AE270AC}.Debug|iPhoneSimulator.ActiveCfg = Debug|x86
		{4FD4CE1D-7FF8-4238-BFA3-BF476AE270AC}.Debug|x64.ActiveCfg = Debug|x64
		{4FD4CE1D-7FF8-4238-BFA3-BF476AE270AC}.Debug|x64.Build.0 = Debug|x64
		{4FD4CE1D-7FF8-4238-BFA3-BF476AE270AC}.Debug|x64.Deploy.0 = Debug|x64
		{4FD4CE1D-7FF8-4238-BFA3-BF476AE270AC}.Debug|x86.ActiveCfg = Debug|x86
		{4FD4CE1D-7FF8-4238-BFA3-BF476AE270AC}.Debug|x86.Build.0 = Debug|x86
		{4FD4CE1D-7FF8-4238-BFA3-BF476AE270AC}.Debug|x86.Deploy.0 = Debug|x86
		{4FD4CE1D-7FF8-4238-BFA3-BF476AE270AC}.Release|Any CPU.ActiveCfg = Release|x86
		{4FD4CE1D-7FF8-4238-BFA3-BF476AE270AC}.Release|ARM.ActiveCfg = Release|ARM
		{4FD4CE1D-7FF8-4238-BFA3-BF476AE270AC}.Release|ARM.Build.0 = Release|ARM
		{4FD4CE1D-7FF8-4238-BFA3-BF476AE270AC}.Release|ARM.Deploy.0 = Release|ARM
		{4FD4CE1D-7FF8-4238-BFA3-BF476AE270AC}.Release|iPhone.ActiveCfg = Release|x86
		{4FD4CE1D-7FF8-4238-BFA3-BF476AE270AC}.Release|iPhoneSimulator.ActiveCfg = Release|x86
		{4FD4CE1D-7FF8-4238-BFA3-BF476AE270AC}.Release|x64.ActiveCfg = Release|x64
		{4FD4CE1D-7FF8-4238-BFA3-BF476AE270AC}.Release|x64.Build.0 = Release|x64
		{4FD4CE1D-7FF8-4238-BFA3-BF476AE270AC}.Release|x64.Deploy.0 = Release|x64
		{4FD4CE1D-7FF8-4238-BFA3-BF476AE270AC}.Release|x86.ActiveCfg = Release|x86
		{4FD4CE1D-7FF8-4238-BFA3-BF476AE270AC}.Release|x86.Build.0 = Release|x86
		{4FD4CE1D-7FF8-4238-BFA3-BF476AE270AC}.Release|x86.Deploy.0 = Release|x86
		{E36ED9A1-C6F7-48BC-9F82-943364FA0187}.Ad-Hoc|Any CPU.ActiveCfg = Release|Any CPU
		{E36ED9A1-C6F7-48BC-9F82-943364FA0187}.Ad-Hoc|Any CPU.Build.0 = Release|Any CPU
		{E36ED9A1-C6F7-48BC-9F82-943364FA0187}.Ad-Hoc|Any CPU.Deploy.0 = Release|Any CPU
		{E36ED9A1-C6F7-48BC-9F82-943364FA0187}.Ad-Hoc|ARM.ActiveCfg = Release|ARM
		{E36ED9A1-C6F7-48BC-9F82-943364FA0187}.Ad-Hoc|ARM.Build.0 = Release|ARM
		{E36ED9A1-C6F7-48BC-9F82-943364FA0187}.Ad-Hoc|ARM.Deploy.0 = Release|ARM
		{E36ED9A1-C6F7-48BC-9F82-943364FA0187}.Ad-Hoc|iPhone.ActiveCfg = Release|Any CPU
		{E36ED9A1-C6F7-48BC-9F82-943364FA0187}.Ad-Hoc|iPhone.Build.0 = Release|Any CPU
		{E36ED9A1-C6F7-48BC-9F82-943364FA0187}.Ad-Hoc|iPhone.Deploy.0 = Release|Any CPU
		{E36ED9A1-C6F7-48BC-9F82-943364FA0187}.Ad-Hoc|iPhoneSimulator.ActiveCfg = Release|Any CPU
		{E36ED9A1-C6F7-48BC-9F82-943364FA0187}.Ad-Hoc|iPhoneSimulator.Build.0 = Release|Any CPU
		{E36ED9A1-C6F7-48BC-9F82-943364FA0187}.Ad-Hoc|iPhoneSimulator.Deploy.0 = Release|Any CPU
		{E36ED9A1-C6F7-48BC-9F82-943364FA0187}.Ad-Hoc|x64.ActiveCfg = Release|x64
		{E36ED9A1-C6F7-48BC-9F82-943364FA0187}.Ad-Hoc|x64.Build.0 = Release|x64
		{E36ED9A1-C6F7-48BC-9F82-943364FA0187}.Ad-Hoc|x64.Deploy.0 = Release|x64
		{E36ED9A1-C6F7-48BC-9F82-943364FA0187}.Ad-Hoc|x86.ActiveCfg = Release|x86
		{E36ED9A1-C6F7-48BC-9F82-943364FA0187}.Ad-Hoc|x86.Build.0 = Release|x86
		{E36ED9A1-C6F7-48BC-9F82-943364FA0187}.Ad-Hoc|x86.Deploy.0 = Release|x86
		{E36ED9A1-C6F7-48BC-9F82-943364FA0187}.AppStore|Any CPU.ActiveCfg = Release|Any CPU
		{E36ED9A1-C6F7-48BC-9F82-943364FA0187}.AppStore|Any CPU.Build.0 = Release|Any CPU
		{E36ED9A1-C6F7-48BC-9F82-943364FA0187}.AppStore|Any CPU.Deploy.0 = Release|Any CPU
		{E36ED9A1-C6F7-48BC-9F82-943364FA0187}.AppStore|ARM.ActiveCfg = Release|ARM
		{E36ED9A1-C6F7-48BC-9F82-943364FA0187}.AppStore|ARM.Build.0 = Release|ARM
		{E36ED9A1-C6F7-48BC-9F82-943364FA0187}.AppStore|ARM.Deploy.0 = Release|ARM
		{E36ED9A1-C6F7-48BC-9F82-943364FA0187}.AppStore|iPhone.ActiveCfg = Release|Any CPU
		{E36ED9A1-C6F7-48BC-9F82-943364FA0187}.AppStore|iPhone.Build.0 = Release|Any CPU
		{E36ED9A1-C6F7-48BC-9F82-943364FA0187}.AppStore|iPhone.Deploy.0 = Release|Any CPU
		{E36ED9A1-C6F7-48BC-9F82-943364FA0187}.AppStore|iPhoneSimulator.ActiveCfg = Release|Any CPU
		{E36ED9A1-C6F7-48BC-9F82-943364FA0187}.AppStore|iPhoneSimulator.Build.0 = Release|Any CPU
		{E36ED9A1-C6F7-48BC-9F82-943364FA0187}.AppStore|iPhoneSimulator.Deploy.0 = Release|Any CPU
		{E36ED9A1-C6F7-48BC-9F82-943364FA0187}.AppStore|x64.ActiveCfg = Release|x64
		{E36ED9A1-C6F7-48BC-9F82-943364FA0187}.AppStore|x64.Build.0 = Release|x64
		{E36ED9A1-C6F7-48BC-9F82-943364FA0187}.AppStore|x64.Deploy.0 = Release|x64
		{E36ED9A1-C6F7-48BC-9F82-943364FA0187}.AppStore|x86.ActiveCfg = Release|x86
		{E36ED9A1-C6F7-48BC-9F82-943364FA0187}.AppStore|x86.Build.0 = Release|x86
		{E36ED9A1-C6F7-48BC-9F82-943364FA0187}.AppStore|x86.Deploy.0 = Release|x86
		{E36ED9A1-C6F7-48BC-9F82-943364FA0187}.Debug|Any CPU.ActiveCfg = Debug|Any CPU
		{E36ED9A1-C6F7-48BC-9F82-943364FA0187}.Debug|ARM.ActiveCfg = Debug|ARM
		{E36ED9A1-C6F7-48BC-9F82-943364FA0187}.Debug|ARM.Build.0 = Debug|ARM
		{E36ED9A1-C6F7-48BC-9F82-943364FA0187}.Debug|ARM.Deploy.0 = Debug|ARM
		{E36ED9A1-C6F7-48BC-9F82-943364FA0187}.Debug|iPhone.ActiveCfg = Debug|Any CPU
		{E36ED9A1-C6F7-48BC-9F82-943364FA0187}.Debug|iPhone.Build.0 = Debug|Any CPU
		{E36ED9A1-C6F7-48BC-9F82-943364FA0187}.Debug|iPhone.Deploy.0 = Debug|Any CPU
		{E36ED9A1-C6F7-48BC-9F82-943364FA0187}.Debug|iPhoneSimulator.ActiveCfg = Debug|Any CPU
		{E36ED9A1-C6F7-48BC-9F82-943364FA0187}.Debug|iPhoneSimulator.Build.0 = Debug|Any CPU
		{E36ED9A1-C6F7-48BC-9F82-943364FA0187}.Debug|iPhoneSimulator.Deploy.0 = Debug|Any CPU
		{E36ED9A1-C6F7-48BC-9F82-943364FA0187}.Debug|x64.ActiveCfg = Debug|x64
		{E36ED9A1-C6F7-48BC-9F82-943364FA0187}.Debug|x64.Build.0 = Debug|x64
		{E36ED9A1-C6F7-48BC-9F82-943364FA0187}.Debug|x64.Deploy.0 = Debug|x64
		{E36ED9A1-C6F7-48BC-9F82-943364FA0187}.Debug|x86.ActiveCfg = Debug|x86
		{E36ED9A1-C6F7-48BC-9F82-943364FA0187}.Debug|x86.Build.0 = Debug|x86
		{E36ED9A1-C6F7-48BC-9F82-943364FA0187}.Debug|x86.Deploy.0 = Debug|x86
		{E36ED9A1-C6F7-48BC-9F82-943364FA0187}.Release|Any CPU.ActiveCfg = Release|Any CPU
		{E36ED9A1-C6F7-48BC-9F82-943364FA0187}.Release|Any CPU.Build.0 = Release|Any CPU
		{E36ED9A1-C6F7-48BC-9F82-943364FA0187}.Release|Any CPU.Deploy.0 = Release|Any CPU
		{E36ED9A1-C6F7-48BC-9F82-943364FA0187}.Release|ARM.ActiveCfg = Release|ARM
		{E36ED9A1-C6F7-48BC-9F82-943364FA0187}.Release|ARM.Build.0 = Release|ARM
		{E36ED9A1-C6F7-48BC-9F82-943364FA0187}.Release|ARM.Deploy.0 = Release|ARM
		{E36ED9A1-C6F7-48BC-9F82-943364FA0187}.Release|iPhone.ActiveCfg = Release|Any CPU
		{E36ED9A1-C6F7-48BC-9F82-943364FA0187}.Release|iPhone.Build.0 = Release|Any CPU
		{E36ED9A1-C6F7-48BC-9F82-943364FA0187}.Release|iPhone.Deploy.0 = Release|Any CPU
		{E36ED9A1-C6F7-48BC-9F82-943364FA0187}.Release|iPhoneSimulator.ActiveCfg = Release|Any CPU
		{E36ED9A1-C6F7-48BC-9F82-943364FA0187}.Release|iPhoneSimulator.Build.0 = Release|Any CPU
		{E36ED9A1-C6F7-48BC-9F82-943364FA0187}.Release|iPhoneSimulator.Deploy.0 = Release|Any CPU
		{E36ED9A1-C6F7-48BC-9F82-943364FA0187}.Release|x64.ActiveCfg = Release|x64
		{E36ED9A1-C6F7-48BC-9F82-943364FA0187}.Release|x64.Build.0 = Release|x64
		{E36ED9A1-C6F7-48BC-9F82-943364FA0187}.Release|x64.Deploy.0 = Release|x64
		{E36ED9A1-C6F7-48BC-9F82-943364FA0187}.Release|x86.ActiveCfg = Release|x86
		{E36ED9A1-C6F7-48BC-9F82-943364FA0187}.Release|x86.Build.0 = Release|x86
		{E36ED9A1-C6F7-48BC-9F82-943364FA0187}.Release|x86.Deploy.0 = Release|x86
	EndGlobalSection
	GlobalSection(SolutionProperties) = preSolution
		HideSolutionNode = FALSE
	EndGlobalSection
EndGlobal
